// !$*UTF8*$!
{
	archiveVersion = 1;
	classes = {
	};
	objectVersion = 46;
	objects = {

/* Begin PBXBuildFile section */
		9D0B5A581E8B3C28003BC163 /* AppDelegate.swift in Sources */ = {isa = PBXBuildFile; fileRef = 9D0B5A571E8B3C28003BC163 /* AppDelegate.swift */; };
		9D0B5A5D1E8B3C28003BC163 /* Main.storyboard in Resources */ = {isa = PBXBuildFile; fileRef = 9D0B5A5B1E8B3C28003BC163 /* Main.storyboard */; };
		9D0B5A5F1E8B3C28003BC163 /* Assets.xcassets in Resources */ = {isa = PBXBuildFile; fileRef = 9D0B5A5E1E8B3C28003BC163 /* Assets.xcassets */; };
		9D0B5A621E8B3C28003BC163 /* LaunchScreen.storyboard in Resources */ = {isa = PBXBuildFile; fileRef = 9D0B5A601E8B3C28003BC163 /* LaunchScreen.storyboard */; };
		9D0B5A6D1E8B3C28003BC163 /* ToDoListTests.swift in Sources */ = {isa = PBXBuildFile; fileRef = 9D0B5A6C1E8B3C28003BC163 /* ToDoListTests.swift */; };
		9D0B5A781E8B3C28003BC163 /* ToDoListUITests.swift in Sources */ = {isa = PBXBuildFile; fileRef = 9D0B5A771E8B3C28003BC163 /* ToDoListUITests.swift */; };
/* End PBXBuildFile section */

/* Begin PBXContainerItemProxy section */
		9D0B5A691E8B3C28003BC163 /* PBXContainerItemProxy */ = {
			isa = PBXContainerItemProxy;
			containerPortal = 9D0B5A4C1E8B3C28003BC163 /* Project object */;
			proxyType = 1;
			remoteGlobalIDString = 9D0B5A531E8B3C28003BC163;
			remoteInfo = ToDoList;
		};
		9D0B5A741E8B3C28003BC163 /* PBXContainerItemProxy */ = {
			isa = PBXContainerItemProxy;
			containerPortal = 9D0B5A4C1E8B3C28003BC163 /* Project object */;
			proxyType = 1;
			remoteGlobalIDString = 9D0B5A531E8B3C28003BC163;
			remoteInfo = ToDoList;
		};
/* End PBXContainerItemProxy section */

/* Begin PBXFileReference section */
		9D0B5A541E8B3C28003BC163 /* Hello.app */ = {isa = PBXFileReference; explicitFileType = wrapper.application; includeInIndex = 0; path = Hello.app; sourceTree = BUILT_PRODUCTS_DIR; };
		9D0B5A571E8B3C28003BC163 /* AppDelegate.swift */ = {isa = PBXFileReference; lastKnownFileType = sourcecode.swift; path = AppDelegate.swift; sourceTree = "<group>"; };
		9D0B5A5C1E8B3C28003BC163 /* Base */ = {isa = PBXFileReference; lastKnownFileType = file.storyboard; name = Base; path = Base.lproj/Main.storyboard; sourceTree = "<group>"; };
		9D0B5A5E1E8B3C28003BC163 /* Assets.xcassets */ = {isa = PBXFileReference; lastKnownFileType = folder.assetcatalog; path = Assets.xcassets; sourceTree = "<group>"; };
		9D0B5A611E8B3C28003BC163 /* Base */ = {isa = PBXFileReference; lastKnownFileType = file.storyboard; name = Base; path = Base.lproj/LaunchScreen.storyboard; sourceTree = "<group>"; };
		9D0B5A631E8B3C28003BC163 /* Info.plist */ = {isa = PBXFileReference; lastKnownFileType = text.plist.xml; path = Info.plist; sourceTree = "<group>"; };
		9D0B5A681E8B3C28003BC163 /* HelloTests.xctest */ = {isa = PBXFileReference; explicitFileType = wrapper.cfbundle; includeInIndex = 0; path = HelloTests.xctest; sourceTree = BUILT_PRODUCTS_DIR; };
		9D0B5A6C1E8B3C28003BC163 /* ToDoListTests.swift */ = {isa = PBXFileReference; lastKnownFileType = sourcecode.swift; path = ToDoListTests.swift; sourceTree = "<group>"; };
		9D0B5A6E1E8B3C28003BC163 /* Info.plist */ = {isa = PBXFileReference; lastKnownFileType = text.plist.xml; path = Info.plist; sourceTree = "<group>"; };
		9D0B5A731E8B3C28003BC163 /* HelloUITests.xctest */ = {isa = PBXFileReference; explicitFileType = wrapper.cfbundle; includeInIndex = 0; path = HelloUITests.xctest; sourceTree = BUILT_PRODUCTS_DIR; };
		9D0B5A771E8B3C28003BC163 /* ToDoListUITests.swift */ = {isa = PBXFileReference; lastKnownFileType = sourcecode.swift; path = ToDoListUITests.swift; sourceTree = "<group>"; };
		9D0B5A791E8B3C28003BC163 /* Info.plist */ = {isa = PBXFileReference; lastKnownFileType = text.plist.xml; path = Info.plist; sourceTree = "<group>"; };
/* End PBXFileReference section */

/* Begin PBXFrameworksBuildPhase section */
		9D0B5A511E8B3C28003BC163 /* Frameworks */ = {
			isa = PBXFrameworksBuildPhase;
			buildActionMask = 2147483647;
			files = (
			);
			runOnlyForDeploymentPostprocessing = 0;
		};
		9D0B5A651E8B3C28003BC163 /* Frameworks */ = {
			isa = PBXFrameworksBuildPhase;
			buildActionMask = 2147483647;
			files = (
			);
			runOnlyForDeploymentPostprocessing = 0;
		};
		9D0B5A701E8B3C28003BC163 /* Frameworks */ = {
			isa = PBXFrameworksBuildPhase;
			buildActionMask = 2147483647;
			files = (
			);
			runOnlyForDeploymentPostprocessing = 0;
		};
/* End PBXFrameworksBuildPhase section */

/* Begin PBXGroup section */
		9D0B5A4B1E8B3C28003BC163 = {
			isa = PBXGroup;
			children = (
				9D0B5A561E8B3C28003BC163 /* Hello */,
				9D0B5A6B1E8B3C28003BC163 /* HelloTests */,
				9D0B5A761E8B3C28003BC163 /* HelloUITests */,
				9D0B5A551E8B3C28003BC163 /* Products */,
			);
			sourceTree = "<group>";
		};
		9D0B5A551E8B3C28003BC163 /* Products */ = {
			isa = PBXGroup;
			children = (
				9D0B5A541E8B3C28003BC163 /* Hello.app */,
				9D0B5A681E8B3C28003BC163 /* HelloTests.xctest */,
				9D0B5A731E8B3C28003BC163 /* HelloUITests.xctest */,
			);
			name = Products;
			sourceTree = "<group>";
		};
		9D0B5A561E8B3C28003BC163 /* Hello */ = {
			isa = PBXGroup;
			children = (
				9D0B5A571E8B3C28003BC163 /* AppDelegate.swift */,
				9D0B5A5B1E8B3C28003BC163 /* Main.storyboard */,
				9D0B5A5E1E8B3C28003BC163 /* Assets.xcassets */,
				9D0B5A601E8B3C28003BC163 /* LaunchScreen.storyboard */,
				9D0B5A631E8B3C28003BC163 /* Info.plist */,
			);
			name = Hello;
			path = ToDoList;
			sourceTree = "<group>";
		};
		9D0B5A6B1E8B3C28003BC163 /* HelloTests */ = {
			isa = PBXGroup;
			children = (
				9D0B5A6C1E8B3C28003BC163 /* ToDoListTests.swift */,
				9D0B5A6E1E8B3C28003BC163 /* Info.plist */,
			);
			name = HelloTests;
			path = ToDoListTests;
			sourceTree = "<group>";
		};
		9D0B5A761E8B3C28003BC163 /* HelloUITests */ = {
			isa = PBXGroup;
			children = (
				9D0B5A771E8B3C28003BC163 /* ToDoListUITests.swift */,
				9D0B5A791E8B3C28003BC163 /* Info.plist */,
			);
			name = HelloUITests;
			path = ToDoListUITests;
			sourceTree = "<group>";
		};
/* End PBXGroup section */

/* Begin PBXNativeTarget section */
		9D0B5A531E8B3C28003BC163 /* Hello */ = {
			isa = PBXNativeTarget;
			buildConfigurationList = 9D0B5A7C1E8B3C28003BC163 /* Build configuration list for PBXNativeTarget "Hello" */;
			buildPhases = (
				9D0B5A501E8B3C28003BC163 /* Sources */,
				9D0B5A511E8B3C28003BC163 /* Frameworks */,
				9D0B5A521E8B3C28003BC163 /* Resources */,
			);
			buildRules = (
			);
			dependencies = (
			);
			name = Hello;
			productName = ToDoList;
			productReference = 9D0B5A541E8B3C28003BC163 /* Hello.app */;
			productType = "com.apple.product-type.application";
		};
		9D0B5A671E8B3C28003BC163 /* HelloTests */ = {
			isa = PBXNativeTarget;
			buildConfigurationList = 9D0B5A7F1E8B3C28003BC163 /* Build configuration list for PBXNativeTarget "HelloTests" */;
			buildPhases = (
				9D0B5A641E8B3C28003BC163 /* Sources */,
				9D0B5A651E8B3C28003BC163 /* Frameworks */,
				9D0B5A661E8B3C28003BC163 /* Resources */,
			);
			buildRules = (
			);
			dependencies = (
				9D0B5A6A1E8B3C28003BC163 /* PBXTargetDependency */,
			);
			name = HelloTests;
			productName = ToDoListTests;
			productReference = 9D0B5A681E8B3C28003BC163 /* HelloTests.xctest */;
			productType = "com.apple.product-type.bundle.unit-test";
		};
		9D0B5A721E8B3C28003BC163 /* HelloUITests */ = {
			isa = PBXNativeTarget;
			buildConfigurationList = 9D0B5A821E8B3C28003BC163 /* Build configuration list for PBXNativeTarget "HelloUITests" */;
			buildPhases = (
				9D0B5A6F1E8B3C28003BC163 /* Sources */,
				9D0B5A701E8B3C28003BC163 /* Frameworks */,
				9D0B5A711E8B3C28003BC163 /* Resources */,
			);
			buildRules = (
			);
			dependencies = (
				9D0B5A751E8B3C28003BC163 /* PBXTargetDependency */,
			);
			name = HelloUITests;
			productName = ToDoListUITests;
			productReference = 9D0B5A731E8B3C28003BC163 /* HelloUITests.xctest */;
			productType = "com.apple.product-type.bundle.ui-testing";
		};
/* End PBXNativeTarget section */

/* Begin PBXProject section */
		9D0B5A4C1E8B3C28003BC163 /* Project object */ = {
			isa = PBXProject;
			attributes = {
				LastSwiftUpdateCheck = 0820;
				LastUpgradeCheck = 0820;
				ORGANIZATIONNAME = iGuest;
				TargetAttributes = {
					9D0B5A531E8B3C28003BC163 = {
						CreatedOnToolsVersion = 8.2.1;
						DevelopmentTeam = 446Q5JYKBL;
						ProvisioningStyle = Automatic;
					};
					9D0B5A671E8B3C28003BC163 = {
						CreatedOnToolsVersion = 8.2.1;
						ProvisioningStyle = Automatic;
						TestTargetID = 9D0B5A531E8B3C28003BC163;
					};
					9D0B5A721E8B3C28003BC163 = {
						CreatedOnToolsVersion = 8.2.1;
						ProvisioningStyle = Automatic;
						TestTargetID = 9D0B5A531E8B3C28003BC163;
					};
				};
			};
			buildConfigurationList = 9D0B5A4F1E8B3C28003BC163 /* Build configuration list for PBXProject "Hello" */;
			compatibilityVersion = "Xcode 3.2";
			developmentRegion = English;
			hasScannedForEncodings = 0;
			knownRegions = (
				en,
				Base,
			);
			mainGroup = 9D0B5A4B1E8B3C28003BC163;
			productRefGroup = 9D0B5A551E8B3C28003BC163 /* Products */;
			projectDirPath = "";
			projectRoot = "";
			targets = (
				9D0B5A531E8B3C28003BC163 /* Hello */,
				9D0B5A671E8B3C28003BC163 /* HelloTests */,
				9D0B5A721E8B3C28003BC163 /* HelloUITests */,
			);
		};
/* End PBXProject section */

/* Begin PBXResourcesBuildPhase section */
		9D0B5A521E8B3C28003BC163 /* Resources */ = {
			isa = PBXResourcesBuildPhase;
			buildActionMask = 2147483647;
			files = (
				9D0B5A621E8B3C28003BC163 /* LaunchScreen.storyboard in Resources */,
				9D0B5A5F1E8B3C28003BC163 /* Assets.xcassets in Resources */,
				9D0B5A5D1E8B3C28003BC163 /* Main.storyboard in Resources */,
			);
			runOnlyForDeploymentPostprocessing = 0;
		};
		9D0B5A661E8B3C28003BC163 /* Resources */ = {
			isa = PBXResourcesBuildPhase;
			buildActionMask = 2147483647;
			files = (
			);
			runOnlyForDeploymentPostprocessing = 0;
		};
		9D0B5A711E8B3C28003BC163 /* Resources */ = {
			isa = PBXResourcesBuildPhase;
			buildActionMask = 2147483647;
			files = (
			);
			runOnlyForDeploymentPostprocessing = 0;
		};
/* End PBXResourcesBuildPhase section */

/* Begin PBXSourcesBuildPhase section */
		9D0B5A501E8B3C28003BC163 /* Sources */ = {
			isa = PBXSourcesBuildPhase;
			buildActionMask = 2147483647;
			files = (
				9D0B5A581E8B3C28003BC163 /* AppDelegate.swift in Sources */,
			);
			runOnlyForDeploymentPostprocessing = 0;
		};
		9D0B5A641E8B3C28003BC163 /* Sources */ = {
			isa = PBXSourcesBuildPhase;
			buildActionMask = 2147483647;
			files = (
				9D0B5A6D1E8B3C28003BC163 /* ToDoListTests.swift in Sources */,
			);
			runOnlyForDeploymentPostprocessing = 0;
		};
		9D0B5A6F1E8B3C28003BC163 /* Sources */ = {
			isa = PBXSourcesBuildPhase;
			buildActionMask = 2147483647;
			files = (
				9D0B5A781E8B3C28003BC163 /* ToDoListUITests.swift in Sources */,
			);
			runOnlyForDeploymentPostprocessing = 0;
		};
/* End PBXSourcesBuildPhase section */

/* Begin PBXTargetDependency section */
		9D0B5A6A1E8B3C28003BC163 /* PBXTargetDependency */ = {
			isa = PBXTargetDependency;
			target = 9D0B5A531E8B3C28003BC163 /* Hello */;
			targetProxy = 9D0B5A691E8B3C28003BC163 /* PBXContainerItemProxy */;
		};
		9D0B5A751E8B3C28003BC163 /* PBXTargetDependency */ = {
			isa = PBXTargetDependency;
			target = 9D0B5A531E8B3C28003BC163 /* Hello */;
			targetProxy = 9D0B5A741E8B3C28003BC163 /* PBXContainerItemProxy */;
		};
/* End PBXTargetDependency section */

/* Begin PBXVariantGroup section */
		9D0B5A5B1E8B3C28003BC163 /* Main.storyboard */ = {
			isa = PBXVariantGroup;
			children = (
				9D0B5A5C1E8B3C28003BC163 /* Base */,
			);
			name = Main.storyboard;
			sourceTree = "<group>";
		};
		9D0B5A601E8B3C28003BC163 /* LaunchScreen.storyboard */ = {
			isa = PBXVariantGroup;
			children = (
				9D0B5A611E8B3C28003BC163 /* Base */,
			);
			name = LaunchScreen.storyboard;
			sourceTree = "<group>";
		};
/* End PBXVariantGroup section */

/* Begin XCBuildConfiguration section */
		9D0B5A7A1E8B3C28003BC163 /* Debug */ = {
			isa = XCBuildConfiguration;
			buildSettings = {
				ALWAYS_SEARCH_USER_PATHS = NO;
				CLANG_ANALYZER_NONNULL = YES;
				CLANG_CXX_LANGUAGE_STANDARD = "gnu++0x";
				CLANG_CXX_LIBRARY = "libc++";
				CLANG_ENABLE_MODULES = YES;
				CLANG_ENABLE_OBJC_ARC = YES;
				CLANG_WARN_BOOL_CONVERSION = YES;
				CLANG_WARN_CONSTANT_CONVERSION = YES;
				CLANG_WARN_DIRECT_OBJC_ISA_USAGE = YES_ERROR;
				CLANG_WARN_DOCUMENTATION_COMMENTS = YES;
				CLANG_WARN_EMPTY_BODY = YES;
				CLANG_WARN_ENUM_CONVERSION = YES;
				CLANG_WARN_INFINITE_RECURSION = YES;
				CLANG_WARN_INT_CONVERSION = YES;
				CLANG_WARN_OBJC_ROOT_CLASS = YES_ERROR;
				CLANG_WARN_SUSPICIOUS_MOVE = YES;
				CLANG_WARN_UNREACHABLE_CODE = YES;
				CLANG_WARN__DUPLICATE_METHOD_MATCH = YES;
				"CODE_SIGN_IDENTITY[sdk=iphoneos*]" = "iPhone Developer";
				COPY_PHASE_STRIP = NO;
				DEBUG_INFORMATION_FORMAT = dwarf;
				ENABLE_STRICT_OBJC_MSGSEND = YES;
				ENABLE_TESTABILITY = YES;
				GCC_C_LANGUAGE_STANDARD = gnu99;
				GCC_DYNAMIC_NO_PIC = NO;
				GCC_NO_COMMON_BLOCKS = YES;
				GCC_OPTIMIZATION_LEVEL = 0;
				GCC_PREPROCESSOR_DEFINITIONS = (
					"DEBUG=1",
					"$(inherited)",
				);
				GCC_WARN_64_TO_32_BIT_CONVERSION = YES;
				GCC_WARN_ABOUT_RETURN_TYPE = YES_ERROR;
				GCC_WARN_UNDECLARED_SELECTOR = YES;
				GCC_WARN_UNINITIALIZED_AUTOS = YES_AGGRESSIVE;
				GCC_WARN_UNUSED_FUNCTION = YES;
				GCC_WARN_UNUSED_VARIABLE = YES;
				IPHONEOS_DEPLOYMENT_TARGET = 9.0;
				MTL_ENABLE_DEBUG_INFO = YES;
				ONLY_ACTIVE_ARCH = YES;
				SDKROOT = iphoneos;
				SWIFT_ACTIVE_COMPILATION_CONDITIONS = DEBUG;
				SWIFT_OPTIMIZATION_LEVEL = "-Onone";
				TARGETED_DEVICE_FAMILY = "1,2";
			};
			name = Debug;
		};
		9D0B5A7B1E8B3C28003BC163 /* Release */ = {
			isa = XCBuildConfiguration;
			buildSettings = {
				ALWAYS_SEARCH_USER_PATHS = NO;
				CLANG_ANALYZER_NONNULL = YES;
				CLANG_CXX_LANGUAGE_STANDARD = "gnu++0x";
				CLANG_CXX_LIBRARY = "libc++";
				CLANG_ENABLE_MODULES = YES;
				CLANG_ENABLE_OBJC_ARC = YES;
				CLANG_WARN_BOOL_CONVERSION = YES;
				CLANG_WARN_CONSTANT_CONVERSION = YES;
				CLANG_WARN_DIRECT_OBJC_ISA_USAGE = YES_ERROR;
				CLANG_WARN_DOCUMENTATION_COMMENTS = YES;
				CLANG_WARN_EMPTY_BODY = YES;
				CLANG_WARN_ENUM_CONVERSION = YES;
				CLANG_WARN_INFINITE_RECURSION = YES;
				CLANG_WARN_INT_CONVERSION = YES;
				CLANG_WARN_OBJC_ROOT_CLASS = YES_ERROR;
				CLANG_WARN_SUSPICIOUS_MOVE = YES;
				CLANG_WARN_UNREACHABLE_CODE = YES;
				CLANG_WARN__DUPLICATE_METHOD_MATCH = YES;
				"CODE_SIGN_IDENTITY[sdk=iphoneos*]" = "iPhone Developer";
				COPY_PHASE_STRIP = NO;
				DEBUG_INFORMATION_FORMAT = "dwarf-with-dsym";
				ENABLE_NS_ASSERTIONS = NO;
				ENABLE_STRICT_OBJC_MSGSEND = YES;
				GCC_C_LANGUAGE_STANDARD = gnu99;
				GCC_NO_COMMON_BLOCKS = YES;
				GCC_WARN_64_TO_32_BIT_CONVERSION = YES;
				GCC_WARN_ABOUT_RETURN_TYPE = YES_ERROR;
				GCC_WARN_UNDECLARED_SELECTOR = YES;
				GCC_WARN_UNINITIALIZED_AUTOS = YES_AGGRESSIVE;
				GCC_WARN_UNUSED_FUNCTION = YES;
				GCC_WARN_UNUSED_VARIABLE = YES;
				IPHONEOS_DEPLOYMENT_TARGET = 9.0;
				MTL_ENABLE_DEBUG_INFO = NO;
				SDKROOT = iphoneos;
				SWIFT_OPTIMIZATION_LEVEL = "-Owholemodule";
				TARGETED_DEVICE_FAMILY = "1,2";
				VALIDATE_PRODUCT = YES;
			};
			name = Release;
		};
		9D0B5A7D1E8B3C28003BC163 /* Debug */ = {
			isa = XCBuildConfiguration;
			buildSettings = {
				ASSETCATALOG_COMPILER_APPICON_NAME = AppIcon;
				DEVELOPMENT_TEAM = 446Q5JYKBL;
				INFOPLIST_FILE = ToDoList/Info.plist;
				LD_RUNPATH_SEARCH_PATHS = "$(inherited) @executable_path/Frameworks";
				PRODUCT_BUNDLE_IDENTIFIER = com.mathi.ToDoList;
				PRODUCT_NAME = "$(TARGET_NAME)";
				SWIFT_VERSION = 3.0;
			};
			name = Debug;
		};
		9D0B5A7E1E8B3C28003BC163 /* Release */ = {
			isa = XCBuildConfiguration;
			buildSettings = {
				ASSETCATALOG_COMPILER_APPICON_NAME = AppIcon;
				DEVELOPMENT_TEAM = 446Q5JYKBL;
				INFOPLIST_FILE = ToDoList/Info.plist;
				LD_RUNPATH_SEARCH_PATHS = "$(inherited) @executable_path/Frameworks";
				PRODUCT_BUNDLE_IDENTIFIER = com.mathi.ToDoList;
				PRODUCT_NAME = "$(TARGET_NAME)";
				SWIFT_VERSION = 3.0;
			};
			name = Release;
		};
		9D0B5A801E8B3C28003BC163 /* Debug */ = {
			isa = XCBuildConfiguration;
			buildSettings = {
				ALWAYS_EMBED_SWIFT_STANDARD_LIBRARIES = YES;
				BUNDLE_LOADER = "$(TEST_HOST)";
				INFOPLIST_FILE = ToDoListTests/Info.plist;
				LD_RUNPATH_SEARCH_PATHS = "$(inherited) @executable_path/Frameworks @loader_path/Frameworks";
				PRODUCT_BUNDLE_IDENTIFIER = com.mathi.ToDoListTests;
				PRODUCT_NAME = "$(TARGET_NAME)";
				SWIFT_VERSION = 3.0;
				TEST_HOST = "$(BUILT_PRODUCTS_DIR)/Hello.app/Hello";
			};
			name = Debug;
		};
		9D0B5A811E8B3C28003BC163 /* Release */ = {
			isa = XCBuildConfiguration;
			buildSettings = {
				ALWAYS_EMBED_SWIFT_STANDARD_LIBRARIES = YES;
				BUNDLE_LOADER = "$(TEST_HOST)";
				INFOPLIST_FILE = ToDoListTests/Info.plist;
				LD_RUNPATH_SEARCH_PATHS = "$(inherited) @executable_path/Frameworks @loader_path/Frameworks";
				PRODUCT_BUNDLE_IDENTIFIER = com.mathi.ToDoListTests;
				PRODUCT_NAME = "$(TARGET_NAME)";
				SWIFT_VERSION = 3.0;
				TEST_HOST = "$(BUILT_PRODUCTS_DIR)/Hello.app/Hello";
			};
			name = Release;
		};
		9D0B5A831E8B3C28003BC163 /* Debug */ = {
			isa = XCBuildConfiguration;
			buildSettings = {
				ALWAYS_EMBED_SWIFT_STANDARD_LIBRARIES = YES;
				INFOPLIST_FILE = ToDoListUITests/Info.plist;
				LD_RUNPATH_SEARCH_PATHS = "$(inherited) @executable_path/Frameworks @loader_path/Frameworks";
				PRODUCT_BUNDLE_IDENTIFIER = com.mathi.ToDoListUITests;
				PRODUCT_NAME = "$(TARGET_NAME)";
				SWIFT_VERSION = 3.0;
				TEST_TARGET_NAME = ToDoList;
			};
			name = Debug;
		};
		9D0B5A841E8B3C28003BC163 /* Release */ = {
			isa = XCBuildConfiguration;
			buildSettings = {
				ALWAYS_EMBED_SWIFT_STANDARD_LIBRARIES = YES;
				INFOPLIST_FILE = ToDoListUITests/Info.plist;
				LD_RUNPATH_SEARCH_PATHS = "$(inherited) @executable_path/Frameworks @loader_path/Frameworks";
				PRODUCT_BUNDLE_IDENTIFIER = com.mathi.ToDoListUITests;
				PRODUCT_NAME = "$(TARGET_NAME)";
				SWIFT_VERSION = 3.0;
				TEST_TARGET_NAME = ToDoList;
			};
			name = Release;
		};
/* End XCBuildConfiguration section */

/* Begin XCConfigurationList section */
		9D0B5A4F1E8B3C28003BC163 /* Build configuration list for PBXProject "Hello" */ = {
			isa = XCConfigurationList;
			buildConfigurations = (
				9D0B5A7A1E8B3C28003BC163 /* Debug */,
				9D0B5A7B1E8B3C28003BC163 /* Release */,
			);
			defaultConfigurationIsVisible = 0;
			defaultConfigurationName = Release;
		};
		9D0B5A7C1E8B3C28003BC163 /* Build configuration list for PBXNativeTarget "Hello" */ = {
			isa = XCConfigurationList;
			buildConfigurations = (
				9D0B5A7D1E8B3C28003BC163 /* Debug */,
				9D0B5A7E1E8B3C28003BC163 /* Release */,
			);
			defaultConfigurationIsVisible = 0;
			defaultConfigurationName = Release;
		};
		9D0B5A7F1E8B3C28003BC163 /* Build configuration list for PBXNativeTarget "HelloTests" */ = {
			isa = XCConfigurationList;
			buildConfigurations = (
				9D0B5A801E8B3C28003BC163 /* Debug */,
				9D0B5A811E8B3C28003BC163 /* Release */,
			);
			defaultConfigurationIsVisible = 0;
			defaultConfigurationName = Release;
		};
		9D0B5A821E8B3C28003BC163 /* Build configuration list for PBXNativeTarget "HelloUITests" */ = {
			isa = XCConfigurationList;
			buildConfigurations = (
				9D0B5A831E8B3C28003BC163 /* Debug */,
				9D0B5A841E8B3C28003BC163 /* Release */,
			);
			defaultConfigurationIsVisible = 0;
			defaultConfigurationName = Release;
		};
/* End XCConfigurationList section */
	};
	rootObject = 9D0B5A4C1E8B3C28003BC163 /* Project object */;
}
